
Microsoft Visual Studio Solution File, Format Version 12.00
# Visual Studio 15
VisualStudioVersion = 15.0.27004.2010
MinimumVisualStudioVersion = 10.0.40219.1
Project("{FAE04EC0-301F-11D3-BF4B-00C04F79EFBC}") = "ScreenSaver", "ScreenSaver\ScreenSaver.csproj", "{63E64B03-8B8F-4E0D-9D7F-7BAAFE26C430}"
EndProject
Global
	GlobalSection(SolutionConfigurationPlatforms) = preSolution
		Debug|Any CPU = Debug|Any CPU
		Release|Any CPU = Release|Any CPU
	EndGlobalSection
	GlobalSection(ProjectConfigurationPlatforms) = postSolution
		{63E64B03-8B8F-4E0D-9D7F-7BAAFE26C430}.Debug|Any CPU.ActiveCfg = Debug|Any CPU
		{63E64B03-8B8F-4E0D-9D7F-7BAAFE26C430}.Debug|Any CPU.Build.0 = Debug|Any CPU
		{63E64B03-8B8F-4E0D-9D7F-7BAAFE26C430}.Release|Any CPU.ActiveCfg = Release|Any CPU
		{63E64B03-8B8F-4E0D-9D7F-7BAAFE26C430}.Release|Any CPU.Build.0 = Release|Any CPU
	EndGlobalSection
	GlobalSection(SolutionProperties) = preSolution
		HideSolutionNode = FALSE
	EndGlobalSection
	GlobalSection(ExtensibilityGlobals) = postSolution
		SolutionGuid = {AD13C6B1-92E5-43D3-95AB-B24F6B1505D1}
	EndGlobalSection
EndGlobal
